{
  "name": "btc-gen-encrypted-key",
  "version": "1.0.0",
  "lockfileVersion": 1,
  "requires": true,
  "dependencies": {
    "ansi-regex": {
      "version": "https://registry.npmjs.org/ansi-regex/-/ansi-regex-2.0.0.tgz",
      "integrity": "sha1-xQYbbg74qBd15Q9dZhUb9r83EQc="
    },
    "bigi": {
      "version": "https://registry.npmjs.org/bigi/-/bigi-1.4.1.tgz",
      "integrity": "sha1-cm6KsI0f4d+4qmu2MJv/7Pk6Ibc="
    },
    "bip66": {
      "version": "https://registry.npmjs.org/bip66/-/bip66-1.1.4.tgz",
      "integrity": "sha1-iln4rhbsy5RoHDwqeyJHdGBarfs="
    },
    "bitcoinjs-lib": {
      "version": "https://registry.npmjs.org/bitcoinjs-lib/-/bitcoinjs-lib-2.2.0.tgz",
      "integrity": "sha1-FEfOurNYVZqNLsI6wapXeO/o1rE=",
      "requires": {
        "bigi": "https://registry.npmjs.org/bigi/-/bigi-1.4.1.tgz",
        "bip66": "https://registry.npmjs.org/bip66/-/bip66-1.1.4.tgz",
        "bs58check": "https://registry.npmjs.org/bs58check/-/bs58check-1.0.8.tgz",
        "buffer-compare": "https://registry.npmjs.org/buffer-compare/-/buffer-compare-1.1.1.tgz",
        "buffer-equals": "https://registry.npmjs.org/buffer-equals/-/buffer-equals-1.0.3.tgz",
        "buffer-reverse": "https://registry.npmjs.org/buffer-reverse/-/buffer-reverse-1.0.1.tgz",
        "create-hash": "https://registry.npmjs.org/create-hash/-/create-hash-1.1.2.tgz",
        "create-hmac": "https://registry.npmjs.org/create-hmac/-/create-hmac-1.1.4.tgz",
        "ecurve": "https://registry.npmjs.org/ecurve/-/ecurve-1.0.3.tgz",
        "randombytes": "https://registry.npmjs.org/randombytes/-/randombytes-2.0.3.tgz",
        "typeforce": "https://registry.npmjs.org/typeforce/-/typeforce-1.6.2.tgz",
        "wif": "https://registry.npmjs.org/wif/-/wif-1.2.1.tgz"
      }
    },
    "bs58": {
      "version": "https://registry.npmjs.org/bs58/-/bs58-2.0.1.tgz",
      "integrity": "sha1-VZCNWPGYKrogCPob7Y+RmYopv40="
    },
    "bs58check": {
      "version": "https://registry.npmjs.org/bs58check/-/bs58check-1.0.8.tgz",
      "integrity": "sha1-WlFCNp5m8/y15Qfw2q/BMQ7f9HI=",
      "requires": {
        "bs58": "https://registry.npmjs.org/bs58/-/bs58-2.0.1.tgz",
        "create-hash": "https://registry.npmjs.org/create-hash/-/create-hash-1.1.2.tgz"
      }
    },
    "buffer-compare": {
      "version": "https://registry.npmjs.org/buffer-compare/-/buffer-compare-1.1.1.tgz",
      "integrity": "sha1-W+e+hTr4kZjR9N3AkNHWakiu9ZY="
    },
    "buffer-equals": {
      "version": "https://registry.npmjs.org/buffer-equals/-/buffer-equals-1.0.3.tgz",
      "integrity": "sha1-npuMFgpc6vaPEu5ajS9LqRxUU+A="
    },
    "buffer-reverse": {
      "version": "https://registry.npmjs.org/buffer-reverse/-/buffer-reverse-1.0.1.tgz",
      "integrity": "sha1-SSg8jvpvkBvAH6MwTQYCeXGuL2A="
    },
    "cipher-base": {
      "version": "https://registry.npmjs.org/cipher-base/-/cipher-base-1.0.2.tgz",
      "integrity": "sha1-VKwdHr32obzTVZ5vNp1yaX8sq48=",
      "requires": {
        "inherits": "https://registry.npmjs.org/inherits/-/inherits-2.0.1.tgz"
      }
    },
    "cli-color": {
      "version": "https://registry.npmjs.org/cli-color/-/cli-color-1.1.0.tgz",
      "integrity": "sha1-3hiM3Ekp2DtnrqBBEPvtQP2/Z3U=",
      "requires": {
        "ansi-regex": "https://registry.npmjs.org/ansi-regex/-/ansi-regex-2.0.0.tgz",
        "d": "https://registry.npmjs.org/d/-/d-0.1.1.tgz",
        "es5-ext": "https://registry.npmjs.org/es5-ext/-/es5-ext-0.10.11.tgz",
        "es6-iterator": "https://registry.npmjs.org/es6-iterator/-/es6-iterator-2.0.0.tgz",
        "memoizee": "https://registry.npmjs.org/memoizee/-/memoizee-0.3.10.tgz",
        "timers-ext": "https://registry.npmjs.org/timers-ext/-/timers-ext-0.1.0.tgz"
      }
    },
    "create-hash": {
      "version": "https://registry.npmjs.org/create-hash/-/create-hash-1.1.2.tgz",
      "integrity": "sha1-USEAYte7dHn2xlu0GpIgix1hq60=",
      "requires": {
        "cipher-base": "https://registry.npmjs.org/cipher-base/-/cipher-base-1.0.2.tgz",
        "inherits": "https://registry.npmjs.org/inherits/-/inherits-2.0.1.tgz",
        "ripemd160": "https://registry.npmjs.org/ripemd160/-/ripemd160-1.0.1.tgz",
        "sha.js": "https://registry.npmjs.org/sha.js/-/sha.js-2.4.5.tgz"
      }
    },
    "create-hmac": {
      "version": "https://registry.npmjs.org/create-hmac/-/create-hmac-1.1.4.tgz",
      "integrity": "sha1-0/tLolPriz9W456i+8uK90e9MXA=",
      "requires": {
        "create-hash": "https://registry.npmjs.org/create-hash/-/create-hash-1.1.2.tgz",
        "inherits": "https://registry.npmjs.org/inherits/-/inherits-2.0.1.tgz"
      }
    },
    "d": {
      "version": "https://registry.npmjs.org/d/-/d-0.1.1.tgz",
      "integrity": "sha1-2hhMU10Y2O57oqoim5FACfrhEwk=",
      "requires": {
        "es5-ext": "https://registry.npmjs.org/es5-ext/-/es5-ext-0.10.11.tgz"
      }
    },
    "ecurve": {
      "version": "https://registry.npmjs.org/ecurve/-/ecurve-1.0.3.tgz",
      "integrity": "sha1-DZOr7aEnmQCyMWfX2TA8EXxZqQ0=",
      "requires": {
        "bigi": "https://registry.npmjs.org/bigi/-/bigi-1.4.1.tgz"
      }
    },
    "es5-ext": {
      "version": "https://registry.npmjs.org/es5-ext/-/es5-ext-0.10.11.tgz",
      "integrity": "sha1-gYTD5wWoIJSMLb4EOEk3mx29DEU=",
      "requires": {
        "es6-iterator": "https://registry.npmjs.org/es6-iterator/-/es6-iterator-2.0.0.tgz",
        "es6-symbol": "https://registry.npmjs.org/es6-symbol/-/es6-symbol-3.0.2.tgz"
      }
    },
    "es6-iterator": {
      "version": "https://registry.npmjs.org/es6-iterator/-/es6-iterator-2.0.0.tgz",
      "integrity": "sha1-vZaFZ9YWNeM8C4BydhPJy0sJa6w=",
      "requires": {
        "d": "https://registry.npmjs.org/d/-/d-0.1.1.tgz",
        "es5-ext": "https://registry.npmjs.org/es5-ext/-/es5-ext-0.10.11.tgz",
        "es6-symbol": "https://registry.npmjs.org/es6-symbol/-/es6-symbol-3.0.2.tgz"
      }
    },
    "es6-symbol": {
      "version": "https://registry.npmjs.org/es6-symbol/-/es6-symbol-3.0.2.tgz",
      "integrity": "sha1-HpKIeMb15jVBYltLtN9K8H0VQhk=",
      "requires": {
        "d": "https://registry.npmjs.org/d/-/d-0.1.1.tgz",
        "es5-ext": "https://registry.npmjs.org/es5-ext/-/es5-ext-0.10.11.tgz"
      }
    },
    "es6-weak-map": {
      "version": "https://registry.npmjs.org/es6-weak-map/-/es6-weak-map-0.1.4.tgz",
      "integrity": "sha1-cGzvnpmqI2undmwjnIueKG6n0ig=",
      "requires": {
        "d": "https://registry.npmjs.org/d/-/d-0.1.1.tgz",
        "es5-ext": "https://registry.npmjs.org/es5-ext/-/es5-ext-0.10.11.tgz",
        "es6-iterator": "https://registry.npmjs.org/es6-iterator/-/es6-iterator-0.1.3.tgz",
        "es6-symbol": "https://registry.npmjs.org/es6-symbol/-/es6-symbol-2.0.1.tgz"
      },
      "dependencies": {
        "es6-iterator": {
          "version": "https://registry.npmjs.org/es6-iterator/-/es6-iterator-0.1.3.tgz",
          "integrity": "sha1-1vWLjE/EE8JJtLqhl2j45NfIlE4=",
          "requires": {
            "d": "https://registry.npmjs.org/d/-/d-0.1.1.tgz",
            "es5-ext": "https://registry.npmjs.org/es5-ext/-/es5-ext-0.10.11.tgz",
            "es6-symbol": "https://registry.npmjs.org/es6-symbol/-/es6-symbol-2.0.1.tgz"
          }
        },
        "es6-symbol": {
          "version": "https://registry.npmjs.org/es6-symbol/-/es6-symbol-2.0.1.tgz",
          "integrity": "sha1-dhtcZ8/U8dGK+yNPaR1nhoLLO/M=",
          "requires": {
            "d": "https://registry.npmjs.org/d/-/d-0.1.1.tgz",
            "es5-ext": "https://registry.npmjs.org/es5-ext/-/es5-ext-0.10.11.tgz"
          }
        }
      }
    },
    "event-emitter": {
      "version": "https://registry.npmjs.org/event-emitter/-/event-emitter-0.3.4.tgz",
      "integrity": "sha1-jWPd+0z+H647MsomXExyAiIIC7U=",
      "requires": {
        "d": "https://registry.npmjs.org/d/-/d-0.1.1.tgz",
        "es5-ext": "https://registry.npmjs.org/es5-ext/-/es5-ext-0.10.11.tgz"
      }
    },
    "inherits": {
      "version": "https://registry.npmjs.org/inherits/-/inherits-2.0.1.tgz",
      "integrity": "sha1-sX0I0ya0Qj5Wjv9xn5GwscvfafE="
    },
    "lru-queue": {
      "version": "https://registry.npmjs.org/lru-queue/-/lru-queue-0.1.0.tgz",
      "integrity": "sha1-Jzi9nw089PhEkMVzbEhpmsYyzaM=",
      "requires": {
        "es5-ext": "https://registry.npmjs.org/es5-ext/-/es5-ext-0.10.11.tgz"
      }
    },
    "memoizee": {
      "version": "https://registry.npmjs.org/memoizee/-/memoizee-0.3.10.tgz",
      "integrity": "sha1-TsoNiu057J0Bf0xcLy9kMvQuXI8=",
      "requires": {
        "d": "https://registry.npmjs.org/d/-/d-0.1.1.tgz",
        "es5-ext": "https://registry.npmjs.org/es5-ext/-/es5-ext-0.10.11.tgz",
        "es6-weak-map": "https://registry.npmjs.org/es6-weak-map/-/es6-weak-map-0.1.4.tgz",
        "event-emitter": "https://registry.npmjs.org/event-emitter/-/event-emitter-0.3.4.tgz",
        "lru-queue": "https://registry.npmjs.org/lru-queue/-/lru-queue-0.1.0.tgz",
        "next-tick": "https://registry.npmjs.org/next-tick/-/next-tick-0.2.2.tgz",
        "timers-ext": "https://registry.npmjs.org/timers-ext/-/timers-ext-0.1.0.tgz"
      }
    },
    "next-tick": {
      "version": "https://registry.npmjs.org/next-tick/-/next-tick-0.2.2.tgz",
      "integrity": "sha1-ddpKkn7liH45BliABltzNkE7MQ0="
    },
    "randombytes": {
      "version": "https://registry.npmjs.org/randombytes/-/randombytes-2.0.3.tgz",
      "integrity": "sha1-Z0yZdgkBw8QRJ3GjHlIdw0nMCew="
    },
    "ripemd160": {
      "version": "https://registry.npmjs.org/ripemd160/-/ripemd160-1.0.1.tgz",
      "integrity": "sha1-k6S71JQrxXS2mo+lfHHeEOzKfW4="
    },
    "sha.js": {
      "version": "https://registry.npmjs.org/sha.js/-/sha.js-2.4.5.tgz",
      "integrity": "sha1-J9Fx78yCoRi5ljn/WBZgJCtQbnw=",
      "requires": {
        "inherits": "https://registry.npmjs.org/inherits/-/inherits-2.0.1.tgz"
      }
    },
    "timers-ext": {
      "version": "https://registry.npmjs.org/timers-ext/-/timers-ext-0.1.0.tgz",
      "integrity": "sha1-ADRaLKkwidElEyIFQ4nSY+J7d+I=",
      "requires": {
        "es5-ext": "https://registry.npmjs.org/es5-ext/-/es5-ext-0.10.11.tgz",
        "next-tick": "https://registry.npmjs.org/next-tick/-/next-tick-0.2.2.tgz"
      }
    },
    "typeforce": {
      "version": "https://registry.npmjs.org/typeforce/-/typeforce-1.6.2.tgz",
      "integrity": "sha1-huFFfixxBR8UgNhocmrEAFjHwn4=",
      "requires": {
        "inherits": "https://registry.npmjs.org/inherits/-/inherits-2.0.1.tgz"
      }
    },
    "wif": {
      "version": "https://registry.npmjs.org/wif/-/wif-1.2.1.tgz",
      "integrity": "sha1-qoGlfcH+yGtIT7509KtfZftR4EM=",
      "requires": {
        "bs58check": "https://registry.npmjs.org/bs58check/-/bs58check-1.0.8.tgz"
      }
    }
  }
}
